
Microsoft Visual Studio Solution File, Format Version 12.00
# Visual Studio Version 17
VisualStudioVersion = 17.7.34221.43
MinimumVisualStudioVersion = 10.0.40219.1
Project("{FAE04EC0-301F-11D3-BF4B-00C04F79EFBC}") = "Src", "Src.csproj", "{47E25079-6CB2-4064-B8DE-D63AAAED6410}"
EndProject
Global
	GlobalSection(SolutionConfigurationPlatforms) = preSolution
		Debug|Any CPU = Debug|Any CPU
		Release|Any CPU = Release|Any CPU
	EndGlobalSection
	GlobalSection(ProjectConfigurationPlatforms) = postSolution
		{47E25079-6CB2-4064-B8DE-D63AAAED6410}.Debug|Any CPU.ActiveCfg = Debug|Any CPU
		{47E25079-6CB2-4064-B8DE-D63AAAED6410}.Debug|Any CPU.Build.0 = Debug|Any CPU
		{47E25079-6CB2-4064-B8DE-D63AAAED6410}.Release|Any CPU.ActiveCfg = Release|Any CPU
		{47E25079-6CB2-4064-B8DE-D63AAAED6410}.Release|Any CPU.Build.0 = Release|Any CPU
	EndGlobalSection
	GlobalSection(SolutionProperties) = preSolution
		HideSolutionNode = FALSE
	EndGlobalSection
	GlobalSection(ExtensibilityGlobals) = postSolution
		SolutionGuid = {1B10C6D4-400E-4AFE-9E4A-58849019BBF9}
	EndGlobalSection
EndGlobal
